
Microsoft Visual Studio Solution File, Format Version 12.00
# Visual Studio Version 17
VisualStudioVersion = 17.14.36623.8
MinimumVisualStudioVersion = 10.0.40219.1
Project("{FAE04EC0-301F-11D3-BF4B-00C04F79EFBC}") = "WPFUI", "WPFUI\WPFUI.csproj", "{9FB9629C-079E-4D2A-A335-EEE3A50DA698}"
EndProject
Project("{FAE04EC0-301F-11D3-BF4B-00C04F79EFBC}") = "Engine", "Engine\Engine.csproj", "{5272E053-055D-476C-A4DC-7092A67471BB}"
EndProject
Global
	GlobalSection(SolutionConfigurationPlatforms) = preSolution
		Debug|Any CPU = Debug|Any CPU
		Release|Any CPU = Release|Any CPU
	EndGlobalSection
	GlobalSection(ProjectConfigurationPlatforms) = postSolution
		{9FB9629C-079E-4D2A-A335-EEE3A50DA698}.Debug|Any CPU.ActiveCfg = Debug|Any CPU
		{9FB9629C-079E-4D2A-A335-EEE3A50DA698}.Debug|Any CPU.Build.0 = Debug|Any CPU
		{9FB9629C-079E-4D2A-A335-EEE3A50DA698}.Release|Any CPU.ActiveCfg = Release|Any CPU
		{9FB9629C-079E-4D2A-A335-EEE3A50DA698}.Release|Any CPU.Build.0 = Release|Any CPU
		{5272E053-055D-476C-A4DC-7092A67471BB}.Debug|Any CPU.ActiveCfg = Debug|Any CPU
		{5272E053-055D-476C-A4DC-7092A67471BB}.Debug|Any CPU.Build.0 = Debug|Any CPU
		{5272E053-055D-476C-A4DC-7092A67471BB}.Release|Any CPU.ActiveCfg = Release|Any CPU
		{5272E053-055D-476C-A4DC-7092A67471BB}.Release|Any CPU.Build.0 = Release|Any CPU
	EndGlobalSection
	GlobalSection(SolutionProperties) = preSolution
		HideSolutionNode = FALSE
	EndGlobalSection
	GlobalSection(ExtensibilityGlobals) = postSolution
		SolutionGuid = {7D73E066-4DBE-4A84-8C81-292B8D858754}
	EndGlobalSection
EndGlobal
